
Microsoft Visual Studio Solution File, Format Version 12.00
# Visual Studio 15
VisualStudioVersion = 15.0.28307.168
MinimumVisualStudioVersion = 10.0.40219.1
Project("{FAE04EC0-301F-11D3-BF4B-00C04F79EFBC}") = "DAISInterviewTask", "DAISInterviewTask\DAISInterviewTask.csproj", "{14D7F922-5D29-40B3-A508-F647431CAD22}"
EndProject
Project("{FAE04EC0-301F-11D3-BF4B-00C04F79EFBC}") = "DAISInterviewTask.Data", "DAISInterviewTask.Models\DAISInterviewTask.Data.csproj", "{DDE3E0B3-3BA8-48E7-A287-8D8A0EAA11EA}"
EndProject
Project("{FAE04EC0-301F-11D3-BF4B-00C04F79EFBC}") = "DAISInterviewTask.Services", "DAISInterviewTask.Services\DAISInterviewTask.Services.csproj", "{B666B600-58FC-4D7D-A997-A48EC58A0DE6}"
EndProject
Global
	GlobalSection(SolutionConfigurationPlatforms) = preSolution
		Debug|Any CPU = Debug|Any CPU
		Release|Any CPU = Release|Any CPU
	EndGlobalSection
	GlobalSection(ProjectConfigurationPlatforms) = postSolution
		{14D7F922-5D29-40B3-A508-F647431CAD22}.Debug|Any CPU.ActiveCfg = Debug|Any CPU
		{14D7F922-5D29-40B3-A508-F647431CAD22}.Debug|Any CPU.Build.0 = Debug|Any CPU
		{14D7F922-5D29-40B3-A508-F647431CAD22}.Release|Any CPU.ActiveCfg = Release|Any CPU
		{14D7F922-5D29-40B3-A508-F647431CAD22}.Release|Any CPU.Build.0 = Release|Any CPU
		{DDE3E0B3-3BA8-48E7-A287-8D8A0EAA11EA}.Debug|Any CPU.ActiveCfg = Debug|Any CPU
		{DDE3E0B3-3BA8-48E7-A287-8D8A0EAA11EA}.Debug|Any CPU.Build.0 = Debug|Any CPU
		{DDE3E0B3-3BA8-48E7-A287-8D8A0EAA11EA}.Release|Any CPU.ActiveCfg = Release|Any CPU
		{DDE3E0B3-3BA8-48E7-A287-8D8A0EAA11EA}.Release|Any CPU.Build.0 = Release|Any CPU
		{B666B600-58FC-4D7D-A997-A48EC58A0DE6}.Debug|Any CPU.ActiveCfg = Debug|Any CPU
		{B666B600-58FC-4D7D-A997-A48EC58A0DE6}.Debug|Any CPU.Build.0 = Debug|Any CPU
		{B666B600-58FC-4D7D-A997-A48EC58A0DE6}.Release|Any CPU.ActiveCfg = Release|Any CPU
		{B666B600-58FC-4D7D-A997-A48EC58A0DE6}.Release|Any CPU.Build.0 = Release|Any CPU
	EndGlobalSection
	GlobalSection(SolutionProperties) = preSolution
		HideSolutionNode = FALSE
	EndGlobalSection
	GlobalSection(ExtensibilityGlobals) = postSolution
		SolutionGuid = {CDC9F728-78E9-4277-BA3F-382BD4E2CD87}
	EndGlobalSection
EndGlobal
